
Microsoft Visual Studio Solution File, Format Version 12.00
Project("{FAE04EC0-301F-11D3-BF4B-00C04F79EFBC}") = "Coimbra.SourceGenerators", "Coimbra.SourceGenerators\Coimbra.SourceGenerators.csproj", "{EEF29BC7-62B7-4BE6-BA43-B4BCA3B3CEEE}"
EndProject
Global
	GlobalSection(SolutionConfigurationPlatforms) = preSolution
		Debug|Any CPU = Debug|Any CPU
		Release|Any CPU = Release|Any CPU
	EndGlobalSection
	GlobalSection(ProjectConfigurationPlatforms) = postSolution
		{EEF29BC7-62B7-4BE6-BA43-B4BCA3B3CEEE}.Debug|Any CPU.ActiveCfg = Debug|Any CPU
		{EEF29BC7-62B7-4BE6-BA43-B4BCA3B3CEEE}.Debug|Any CPU.Build.0 = Debug|Any CPU
		{EEF29BC7-62B7-4BE6-BA43-B4BCA3B3CEEE}.Release|Any CPU.ActiveCfg = Release|Any CPU
		{EEF29BC7-62B7-4BE6-BA43-B4BCA3B3CEEE}.Release|Any CPU.Build.0 = Release|Any CPU
		{EEF29BC7-62B7-4BE6-BA43-B4BCA3B3CEEE}.Release|Any CPU.Deploy.0 = Release|Any CPU
		{1C4B8C08-C0DE-4E9F-AB38-027DD97532B8}.Debug|Any CPU.ActiveCfg = Debug|Any CPU
		{1C4B8C08-C0DE-4E9F-AB38-027DD97532B8}.Debug|Any CPU.Build.0 = Debug|Any CPU
		{1C4B8C08-C0DE-4E9F-AB38-027DD97532B8}.Release|Any CPU.ActiveCfg = Release|Any CPU
		{1C4B8C08-C0DE-4E9F-AB38-027DD97532B8}.Release|Any CPU.Build.0 = Release|Any CPU
	EndGlobalSection
EndGlobal
